<?xml version="1.0" encoding="utf-8"?>
<Project ToolsVersion="4.0" xmlns="http://schemas.microsoft.com/developer/msbuild/2003">
  <ItemGroup>
    <Filter Include="Resource Files">
      <UniqueIdentifier>{67DA6AB6-F800-4c08-8B7A-83BB121AAD01}</UniqueIdentifier>
      <Extensions>rc;ico;cur;bmp;dlg;rc2;rct;bin;rgs;gif;jpg;jpeg;jpe;resx;tiff;tif;png;wav;mfcribbon-ms</Extensions>
    </Filter>
    <Filter Include="Components">
      <UniqueIdentifier>{959d7740-e0cd-4fc5-95fd-85a89392aef1}</UniqueIdentifier>
    </Filter>
    <Filter Include="Managers">
      <UniqueIdentifier>{93995380-89BD-4b04-88EB-625FBE52EBFB}</UniqueIdentifier>
      <Extensions>h;hh;hpp;hxx;hm;inl;inc;xsd</Extensions>
    </Filter>
    <Filter Include="GameLoop">
      <UniqueIdentifier>{4FC737F1-C7A5-4376-A066-2A32D752A2FF}</UniqueIdentifier>
      <Extensions>cpp;c;cc;cxx;def;odl;idl;hpj;bat;asm;asmx</Extensions>
    </Filter>
    <Filter Include="Other">
      <UniqueIdentifier>{11dd7a48-59f3-47e5-88f4-7c57e77e0c7b}</UniqueIdentifier>
    </Filter>
    <Filter Include="Components\Base">
      <UniqueIdentifier>{5882920c-a58c-470e-be8e-e3a3c7207718}</UniqueIdentifier>
    </Filter>
    <Filter Include="Components\Movement">
      <UniqueIdentifier>{9609c929-1a8f-48fe-8d46-81229e864fa5}</UniqueIdentifier>
    </Filter>
    <Filter Include="Components\Visual">
      <UniqueIdentifier>{436de7b9-460e-4b44-a037-dc58fa8983c1}</UniqueIdentifier>
    </Filter>
    <Filter Include="Components\Other">
      <UniqueIdentifier>{726ea6c6-a7aa-4859-9158-594426566684}</UniqueIdentifier>
    </Filter>
    <Filter Include="Imgui">
      <UniqueIdentifier>{fdd8bffa-fe0c-4ca9-875f-80cdac3b57f0}</UniqueIdentifier>
    </Filter>
    <Filter Include="Components\TrashTheCache">
      <UniqueIdentifier>{d9065efa-7823-46cb-a0f3-ad965bc624a9}</UniqueIdentifier>
    </Filter>
  </ItemGroup>
  <ItemGroup>
    <ClInclude Include="ResourceManager.h">
      <Filter>Managers</Filter>
    </ClInclude>
    <ClInclude Include="InputManager.h">
      <Filter>Managers</Filter>
    </ClInclude>
    <ClInclude Include="SceneManager.h">
      <Filter>Managers</Filter>
    </ClInclude>
    <ClInclude Include="Minigin.h">
      <Filter>GameLoop</Filter>
    </ClInclude>
    <ClInclude Include="Scene.h">
      <Filter>GameLoop</Filter>
    </ClInclude>
    <ClInclude Include="Singleton.h">
      <Filter>GameLoop</Filter>
    </ClInclude>
    <ClInclude Include="Time.h">
      <Filter>GameLoop</Filter>
    </ClInclude>
    <ClInclude Include="Font.h">
      <Filter>Other</Filter>
    </ClInclude>
    <ClInclude Include="Renderer.h">
      <Filter>GameLoop</Filter>
    </ClInclude>
    <ClInclude Include="Transform.h">
      <Filter>Other</Filter>
    </ClInclude>
    <ClInclude Include="Texture2D.h">
      <Filter>Other</Filter>
    </ClInclude>
    <ClInclude Include="GameObject.h">
      <Filter>Components\Base</Filter>
    </ClInclude>
    <ClInclude Include="BaseComponent.h">
      <Filter>Components\Base</Filter>
    </ClInclude>
    <ClInclude Include="TextComponent.h">
      <Filter>Components\Visual</Filter>
    </ClInclude>
    <ClInclude Include="RenderTextComponent.h">
      <Filter>Components\Visual</Filter>
    </ClInclude>
    <ClInclude Include="RenderTextureComponent.h">
      <Filter>Components\Visual</Filter>
    </ClInclude>
    <ClInclude Include="TextureComponent.h">
      <Filter>Components\Visual</Filter>
    </ClInclude>
    <ClInclude Include="FPSComponent.h">
      <Filter>Components\Other</Filter>
    </ClInclude>
    <ClInclude Include="RotatorComponent.h">
      <Filter>Components\Movement</Filter>
    </ClInclude>
    <ClInclude Include="..\3rdParty\imgui\imconfig.h">
      <Filter>Imgui</Filter>
    </ClInclude>
    <ClInclude Include="..\3rdParty\imgui\imgui.h">
      <Filter>Imgui</Filter>
    </ClInclude>
    <ClInclude Include="..\3rdParty\imgui\imgui_internal.h">
      <Filter>Imgui</Filter>
    </ClInclude>
    <ClInclude Include="..\3rdParty\imgui\imstb_rectpack.h">
      <Filter>Imgui</Filter>
    </ClInclude>
    <ClInclude Include="..\3rdParty\imgui\imstb_textedit.h">
      <Filter>Imgui</Filter>
    </ClInclude>
    <ClInclude Include="..\3rdParty\imgui\imstb_truetype.h">
      <Filter>Imgui</Filter>
    </ClInclude>
    <ClInclude Include="..\3rdParty\imgui\backends\imgui_impl_opengl2.h">
      <Filter>Imgui</Filter>
    </ClInclude>
    <ClInclude Include="..\3rdParty\imgui\backends\imgui_impl_sdl2.h">
      <Filter>Imgui</Filter>
    </ClInclude>
    <ClInclude Include="..\3rdParty\imgui\imgui_plot.h">
      <Filter>Imgui</Filter>
    </ClInclude>
    <ClInclude Include="TrashTheCacheIntComponent.h">
      <Filter>Components\TrashTheCache</Filter>
    </ClInclude>
    <ClInclude Include="TrashTheCacheGO3DComponent.h">
      <Filter>Components\TrashTheCache</Filter>
    </ClInclude>
  </ItemGroup>
  <ItemGroup>
    <ClCompile Include="Renderer.cpp">
      <Filter>GameLoop</Filter>
    </ClCompile>
    <ClCompile Include="Scene.cpp">
      <Filter>GameLoop</Filter>
    </ClCompile>
    <ClCompile Include="Main.cpp">
      <Filter>GameLoop</Filter>
    </ClCompile>
    <ClCompile Include="Minigin.cpp">
      <Filter>GameLoop</Filter>
    </ClCompile>
    <ClCompile Include="Time.cpp">
      <Filter>GameLoop</Filter>
    </ClCompile>
    <ClCompile Include="InputManager.cpp">
      <Filter>Managers</Filter>
    </ClCompile>
    <ClCompile Include="ResourceManager.cpp">
      <Filter>Managers</Filter>
    </ClCompile>
    <ClCompile Include="SceneManager.cpp">
      <Filter>Managers</Filter>
    </ClCompile>
    <ClCompile Include="Font.cpp">
      <Filter>Other</Filter>
    </ClCompile>
    <ClCompile Include="Texture2D.cpp">
      <Filter>Other</Filter>
    </ClCompile>
    <ClCompile Include="Transform.cpp">
      <Filter>Other</Filter>
    </ClCompile>
    <ClCompile Include="BaseComponent.cpp">
      <Filter>Components\Base</Filter>
    </ClCompile>
    <ClCompile Include="GameObject.cpp">
      <Filter>Components\Base</Filter>
    </ClCompile>
    <ClCompile Include="RenderTextComponent.cpp">
      <Filter>Components\Visual</Filter>
    </ClCompile>
    <ClCompile Include="TextComponent.cpp">
      <Filter>Components\Visual</Filter>
    </ClCompile>
    <ClCompile Include="RenderTextureComponent.cpp">
      <Filter>Components\Visual</Filter>
    </ClCompile>
    <ClCompile Include="TextureComponent.cpp">
      <Filter>Components\Visual</Filter>
    </ClCompile>
    <ClCompile Include="FPSComponent.cpp">
      <Filter>Components\Other</Filter>
    </ClCompile>
    <ClCompile Include="RotatorComponent.cpp">
      <Filter>Components\Movement</Filter>
    </ClCompile>
    <ClCompile Include="..\3rdParty\imgui\imgui_widgets.cpp">
      <Filter>Imgui</Filter>
    </ClCompile>
    <ClCompile Include="..\3rdParty\imgui\imgui_draw.cpp">
      <Filter>Imgui</Filter>
    </ClCompile>
    <ClCompile Include="..\3rdParty\imgui\imgui_tables.cpp">
      <Filter>Imgui</Filter>
    </ClCompile>
    <ClCompile Include="..\3rdParty\imgui\imgui_demo.cpp">
      <Filter>Imgui</Filter>
    </ClCompile>
    <ClCompile Include="..\3rdParty\imgui\imgui.cpp">
      <Filter>Imgui</Filter>
    </ClCompile>
    <ClCompile Include="..\3rdParty\imgui\backends\imgui_impl_opengl2.cpp">
      <Filter>Imgui</Filter>
    </ClCompile>
    <ClCompile Include="..\3rdParty\imgui\backends\imgui_impl_sdl2.cpp">
      <Filter>Imgui</Filter>
    </ClCompile>
    <ClCompile Include="..\3rdParty\imgui\imgui_plot.cpp">
      <Filter>Imgui</Filter>
    </ClCompile>
    <ClCompile Include="TrashTheCacheIntComponent.cpp">
      <Filter>Components\TrashTheCache</Filter>
    </ClCompile>
    <ClCompile Include="TrashTheCacheGO3DComponent.cpp">
      <Filter>Components\TrashTheCache</Filter>
    </ClCompile>
  </ItemGroup>
</Project>